
Microsoft Visual Studio Solution File, Format Version 12.00
# Visual Studio Version 17
VisualStudioVersion = 17.5.002.0
MinimumVisualStudioVersion = 10.0.40219.1
Project("{9A19103F-16F7-4668-BE54-9A1E7A4F7556}") = "clase10-pe-schafickMol", "clase10-pe-schafickMol.csproj", "{66104382-820A-4BB6-A50F-2F7BB9663582}"
EndProject
Global
	GlobalSection(SolutionConfigurationPlatforms) = preSolution
		Debug|Any CPU = Debug|Any CPU
		Release|Any CPU = Release|Any CPU
	EndGlobalSection
	GlobalSection(ProjectConfigurationPlatforms) = postSolution
		{66104382-820A-4BB6-A50F-2F7BB9663582}.Debug|Any CPU.ActiveCfg = Debug|Any CPU
		{66104382-820A-4BB6-A50F-2F7BB9663582}.Debug|Any CPU.Build.0 = Debug|Any CPU
		{66104382-820A-4BB6-A50F-2F7BB9663582}.Release|Any CPU.ActiveCfg = Release|Any CPU
		{66104382-820A-4BB6-A50F-2F7BB9663582}.Release|Any CPU.Build.0 = Release|Any CPU
	EndGlobalSection
	GlobalSection(SolutionProperties) = preSolution
		HideSolutionNode = FALSE
	EndGlobalSection
	GlobalSection(ExtensibilityGlobals) = postSolution
		SolutionGuid = {C7E621F4-34E7-4624-8131-300424DF192A}
	EndGlobalSection
EndGlobal
